<?xml version="1.0" encoding="utf-8"?>
<Project ToolsVersion="4.0" xmlns="http://schemas.microsoft.com/developer/msbuild/2003">
  <ItemGroup>
    <Filter Include="Source Files">
      <UniqueIdentifier>{4FC737F1-C7A5-4376-A066-2A32D752A2FF}</UniqueIdentifier>
      <Extensions>cpp;c;cxx;def;odl;idl;hpj;bat;asm;asmx</Extensions>
    </Filter>
    <Filter Include="Header Files">
      <UniqueIdentifier>{93995380-89BD-4b04-88EB-625FBE52EBFB}</UniqueIdentifier>
      <Extensions>h;hpp;hxx;hm;inl;inc;xsd</Extensions>
    </Filter>
    <Filter Include="Resource Files">
      <UniqueIdentifier>{67DA6AB6-F800-4c08-8B7A-83BB121AAD01}</UniqueIdentifier>
      <Extensions>rc;ico;cur;bmp;dlg;rc2;rct;bin;rgs;gif;jpg;jpeg;jpe;resx</Extensions>
    </Filter>
  </ItemGroup>
  <ItemGroup>
    <ClCompile Include="Cache.cpp">
      <Filter>Source Files</Filter>
    </ClCompile>
    <ClCompile Include="Cycle.cpp">
      <Filter>Source Files</Filter>
    </ClCompile>
    <ClCompile Include="FieldDiff.cpp">
      <Filter>Source Files</Filter>
    </ClCompile>
    <ClCompile Include="FrameDiff.cpp">
      <Filter>Source Files</Filter>
    </ClCompile>
    <ClCompile Include="IsCombedTIVTC.cpp">
      <Filter>Source Files</Filter>
    </ClCompile>
    <ClCompile Include="MergeHints.cpp">
      <Filter>Source Files</Filter>
    </ClCompile>
    <ClCompile Include="PlanarFrame.cpp">
      <Filter>Source Files</Filter>
    </ClCompile>
    <ClCompile Include="PluginInit.cpp">
      <Filter>Source Files</Filter>
    </ClCompile>
    <ClCompile Include="profUtil.cpp">
      <Filter>Source Files</Filter>
    </ClCompile>
    <ClCompile Include="RequestLinear.cpp">
      <Filter>Source Files</Filter>
    </ClCompile>
    <ClCompile Include="TDecimate.cpp">
      <Filter>Source Files</Filter>
    </ClCompile>
    <ClCompile Include="TDecimateBlur.cpp">
      <Filter>Source Files</Filter>
    </ClCompile>
    <ClCompile Include="TDecimateMode2.cpp">
      <Filter>Source Files</Filter>
    </ClCompile>
    <ClCompile Include="TDecimateMode7.cpp">
      <Filter>Source Files</Filter>
    </ClCompile>
    <ClCompile Include="TDecimateOut.cpp">
      <Filter>Source Files</Filter>
    </ClCompile>
    <ClCompile Include="TDecimateYUY2.cpp">
      <Filter>Source Files</Filter>
    </ClCompile>
    <ClCompile Include="TDecimateYV12.cpp">
      <Filter>Source Files</Filter>
    </ClCompile>
    <ClCompile Include="TFM.cpp">
      <Filter>Source Files</Filter>
    </ClCompile>
    <ClCompile Include="TFMD2V.cpp">
      <Filter>Source Files</Filter>
    </ClCompile>
    <ClCompile Include="TFMPP.cpp">
      <Filter>Source Files</Filter>
    </ClCompile>
    <ClCompile Include="TFMYUY2.cpp">
      <Filter>Source Files</Filter>
    </ClCompile>
    <ClCompile Include="TFMYV12.cpp">
      <Filter>Source Files</Filter>
    </ClCompile>
    <ClCompile Include="..\common\TCommonASM.cpp">
      <Filter>Source Files</Filter>
    </ClCompile>
    <ClCompile Include="calcCRC.cpp">
      <Filter>Source Files</Filter>
    </ClCompile>
    <ClCompile Include="TFMASM.cpp">
      <Filter>Source Files</Filter>
    </ClCompile>
    <ClCompile Include="TDecimateASM.cpp">
      <Filter>Source Files</Filter>
    </ClCompile>
  </ItemGroup>
  <ItemGroup>
    <ClInclude Include="Cache.h">
      <Filter>Header Files</Filter>
    </ClInclude>
    <ClInclude Include="calcCRC.h">
      <Filter>Header Files</Filter>
    </ClInclude>
    <ClInclude Include="Cycle.h">
      <Filter>Header Files</Filter>
    </ClInclude>
    <ClInclude Include="FieldDiff.h">
      <Filter>Header Files</Filter>
    </ClInclude>
    <ClInclude Include="Font.h">
      <Filter>Header Files</Filter>
    </ClInclude>
    <ClInclude Include="FrameDiff.h">
      <Filter>Header Files</Filter>
    </ClInclude>
    <ClInclude Include="MergeHints.h">
      <Filter>Header Files</Filter>
    </ClInclude>
    <ClInclude Include="PlanarFrame.h">
      <Filter>Header Files</Filter>
    </ClInclude>
    <ClInclude Include="profUtil.h">
      <Filter>Header Files</Filter>
    </ClInclude>
    <ClInclude Include="RequestLinear.h">
      <Filter>Header Files</Filter>
    </ClInclude>
    <ClInclude Include="resource.h">
      <Filter>Header Files</Filter>
    </ClInclude>
    <ClInclude Include="TDecimate.h">
      <Filter>Header Files</Filter>
    </ClInclude>
    <ClInclude Include="TFM.h">
      <Filter>Header Files</Filter>
    </ClInclude>
    <ClInclude Include="TFMPP.h">
      <Filter>Header Files</Filter>
    </ClInclude>
    <ClInclude Include="..\include\avisynth.h">
      <Filter>Header Files</Filter>
    </ClInclude>
    <ClInclude Include="..\include\avs\alignment.h">
      <Filter>Header Files</Filter>
    </ClInclude>
    <ClInclude Include="..\include\avs\capi.h">
      <Filter>Header Files</Filter>
    </ClInclude>
    <ClInclude Include="..\include\avs\config.h">
      <Filter>Header Files</Filter>
    </ClInclude>
    <ClInclude Include="..\include\avs\cpuid.h">
      <Filter>Header Files</Filter>
    </ClInclude>
    <ClInclude Include="..\include\avs\minmax.h">
      <Filter>Header Files</Filter>
    </ClInclude>
    <ClInclude Include="..\include\avs\types.h">
      <Filter>Header Files</Filter>
    </ClInclude>
    <ClInclude Include="..\include\avs\win.h">
      <Filter>Header Files</Filter>
    </ClInclude>
    <ClInclude Include="..\common\internal.h">
      <Filter>Header Files</Filter>
    </ClInclude>
    <ClInclude Include="..\common\TCommonASM.h">
      <Filter>Header Files</Filter>
    </ClInclude>
    <ClInclude Include="TFMasm.h">
      <Filter>Header Files</Filter>
    </ClInclude>
    <ClInclude Include="TDecimateASM.h">
      <Filter>Header Files</Filter>
    </ClInclude>
  </ItemGroup>
  <ItemGroup>
    <ResourceCompile Include="TIVTC.rc">
      <Filter>Resource Files</Filter>
    </ResourceCompile>
  </ItemGroup>
</Project>