Microsoft Visual Studio Solution File, Format Version 12.00
# Visual Studio Version 16
VisualStudioVersion = 16.0.29926.136
MinimumVisualStudioVersion = 10.0.40219.1
Project("{8BC9CEB8-8B4A-11D0-8D11-00A0C91BC942}") = "TIVTC", "TIVTC\TIVTC.vcxproj", "{47E0178B-D273-44B5-9830-A920B3221C15}"
EndProject
Project("{8BC9CEB8-8B4A-11D0-8D11-00A0C91BC942}") = "TDeinterlace", "TDeint\TDeinterlace.vcxproj", "{BE5ED76D-6C67-48B1-84C4-DA163B6E90E8}"
EndProject
Global
	GlobalSection(SolutionConfigurationPlatforms) = preSolution
		Debug|x64 = Debug|x64
		Debug|x86 = Debug|x86
		Release|x64 = Release|x64
		Release|x86 = Release|x86
		ReleaseClang|x64 = ReleaseClang|x64
		ReleaseClang|x86 = ReleaseClang|x86
		ReleaseXP|x64 = ReleaseXP|x64
		ReleaseXP|x86 = ReleaseXP|x86
	EndGlobalSection
	GlobalSection(ProjectConfigurationPlatforms) = postSolution
		{47E0178B-D273-44B5-9830-A920B3221C15}.Debug|x64.ActiveCfg = Debug|x64
		{47E0178B-D273-44B5-9830-A920B3221C15}.Debug|x64.Build.0 = Debug|x64
		{47E0178B-D273-44B5-9830-A920B3221C15}.Debug|x86.ActiveCfg = Debug|Win32
		{47E0178B-D273-44B5-9830-A920B3221C15}.Debug|x86.Build.0 = Debug|Win32
		{47E0178B-D273-44B5-9830-A920B3221C15}.Release|x64.ActiveCfg = Release|x64
		{47E0178B-D273-44B5-9830-A920B3221C15}.Release|x64.Build.0 = Release|x64
		{47E0178B-D273-44B5-9830-A920B3221C15}.Release|x86.ActiveCfg = Release|Win32
		{47E0178B-D273-44B5-9830-A920B3221C15}.Release|x86.Build.0 = Release|Win32
		{47E0178B-D273-44B5-9830-A920B3221C15}.ReleaseClang|x64.ActiveCfg = ReleaseClang|x64
		{47E0178B-D273-44B5-9830-A920B3221C15}.ReleaseClang|x64.Build.0 = ReleaseClang|x64
		{47E0178B-D273-44B5-9830-A920B3221C15}.ReleaseClang|x86.ActiveCfg = ReleaseClang|Win32
		{47E0178B-D273-44B5-9830-A920B3221C15}.ReleaseClang|x86.Build.0 = ReleaseClang|Win32
		{47E0178B-D273-44B5-9830-A920B3221C15}.ReleaseXP|x64.ActiveCfg = ReleaseXP|x64
		{47E0178B-D273-44B5-9830-A920B3221C15}.ReleaseXP|x64.Build.0 = ReleaseXP|x64
		{47E0178B-D273-44B5-9830-A920B3221C15}.ReleaseXP|x86.ActiveCfg = ReleaseXP|Win32
		{47E0178B-D273-44B5-9830-A920B3221C15}.ReleaseXP|x86.Build.0 = ReleaseXP|Win32
		{BE5ED76D-6C67-48B1-84C4-DA163B6E90E8}.Debug|x64.ActiveCfg = Debug|x64
		{BE5ED76D-6C67-48B1-84C4-DA163B6E90E8}.Debug|x86.ActiveCfg = Debug|Win32
		{BE5ED76D-6C67-48B1-84C4-DA163B6E90E8}.Debug|x86.Build.0 = Debug|Win32
		{BE5ED76D-6C67-48B1-84C4-DA163B6E90E8}.Release|x64.ActiveCfg = Release|x64
		{BE5ED76D-6C67-48B1-84C4-DA163B6E90E8}.Release|x64.Build.0 = Release|x64
		{BE5ED76D-6C67-48B1-84C4-DA163B6E90E8}.Release|x86.ActiveCfg = Release|Win32
		{BE5ED76D-6C67-48B1-84C4-DA163B6E90E8}.Release|x86.Build.0 = Release|Win32
		{BE5ED76D-6C67-48B1-84C4-DA163B6E90E8}.ReleaseClang|x64.ActiveCfg = ReleaseClang|x64
		{BE5ED76D-6C67-48B1-84C4-DA163B6E90E8}.ReleaseClang|x64.Build.0 = ReleaseClang|x64
		{BE5ED76D-6C67-48B1-84C4-DA163B6E90E8}.ReleaseClang|x86.ActiveCfg = ReleaseClang|Win32
		{BE5ED76D-6C67-48B1-84C4-DA163B6E90E8}.ReleaseClang|x86.Build.0 = ReleaseClang|Win32
		{BE5ED76D-6C67-48B1-84C4-DA163B6E90E8}.ReleaseXP|x64.ActiveCfg = ReleaseXP|x64
		{BE5ED76D-6C67-48B1-84C4-DA163B6E90E8}.ReleaseXP|x64.Build.0 = ReleaseXP|x64
		{BE5ED76D-6C67-48B1-84C4-DA163B6E90E8}.ReleaseXP|x86.ActiveCfg = ReleaseXP|Win32
		{BE5ED76D-6C67-48B1-84C4-DA163B6E90E8}.ReleaseXP|x86.Build.0 = ReleaseXP|Win32
	EndGlobalSection
	GlobalSection(SolutionProperties) = preSolution
		HideSolutionNode = FALSE
	EndGlobalSection
	GlobalSection(ExtensibilityGlobals) = postSolution
		SolutionGuid = {1C4DE9A1-0DBF-4439-9A85-5D81160EB412}
	EndGlobalSection
EndGlobal
